
Microsoft Visual Studio Solution File, Format Version 12.00
# Visual Studio Version 16
VisualStudioVersion = 16.0.31019.35
MinimumVisualStudioVersion = 10.0.40219.1
Project("{FAE04EC0-301F-11D3-BF4B-00C04F79EFBC}") = "Jobe Optimizer", "Jobe Optimizer\Jobe Optimizer.csproj", "{9E5379F3-6E35-4BE8-8EF8-61BFE1C17D88}"
EndProject
Global
	GlobalSection(SolutionConfigurationPlatforms) = preSolution
		Debug|Any CPU = Debug|Any CPU
		Release|Any CPU = Release|Any CPU
	EndGlobalSection
	GlobalSection(ProjectConfigurationPlatforms) = postSolution
		{9E5379F3-6E35-4BE8-8EF8-61BFE1C17D88}.Debug|Any CPU.ActiveCfg = Debug|Any CPU
		{9E5379F3-6E35-4BE8-8EF8-61BFE1C17D88}.Debug|Any CPU.Build.0 = Debug|Any CPU
		{9E5379F3-6E35-4BE8-8EF8-61BFE1C17D88}.Release|Any CPU.ActiveCfg = Release|Any CPU
		{9E5379F3-6E35-4BE8-8EF8-61BFE1C17D88}.Release|Any CPU.Build.0 = Release|Any CPU
	EndGlobalSection
	GlobalSection(SolutionProperties) = preSolution
		HideSolutionNode = FALSE
	EndGlobalSection
	GlobalSection(ExtensibilityGlobals) = postSolution
		SolutionGuid = {40CA6FBA-A950-42EC-832A-13E02A10D749}
	EndGlobalSection
EndGlobal
